
Microsoft Visual Studio Solution File, Format Version 12.00
# Visual Studio Version 17
VisualStudioVersion = 17.1.32328.378
MinimumVisualStudioVersion = 10.0.40219.1
Project("{FAE04EC0-301F-11D3-BF4B-00C04F79EFBC}") = "SUBSCRIPTION", "SUBSCRIPTION\SUBSCRIPTION.csproj", "{6821DEBC-64A3-4453-9564-0600E6EA3AAE}"
EndProject
Global
	GlobalSection(SolutionConfigurationPlatforms) = preSolution
		Debug|Any CPU = Debug|Any CPU
		Release|Any CPU = Release|Any CPU
	EndGlobalSection
	GlobalSection(ProjectConfigurationPlatforms) = postSolution
		{6821DEBC-64A3-4453-9564-0600E6EA3AAE}.Debug|Any CPU.ActiveCfg = Debug|Any CPU
		{6821DEBC-64A3-4453-9564-0600E6EA3AAE}.Debug|Any CPU.Build.0 = Debug|Any CPU
		{6821DEBC-64A3-4453-9564-0600E6EA3AAE}.Release|Any CPU.ActiveCfg = Release|Any CPU
		{6821DEBC-64A3-4453-9564-0600E6EA3AAE}.Release|Any CPU.Build.0 = Release|Any CPU
	EndGlobalSection
	GlobalSection(SolutionProperties) = preSolution
		HideSolutionNode = FALSE
	EndGlobalSection
	GlobalSection(ExtensibilityGlobals) = postSolution
		SolutionGuid = {8F1671DD-45CF-42AE-91DC-B285E6B25E42}
	EndGlobalSection
EndGlobal
